
Microsoft Visual Studio Solution File, Format Version 12.00
# Visual Studio 2012
Project("{FAE04EC0-301F-11D3-BF4B-00C04F79EFBC}") = "MBOSS.WEB", "MBOSS.WEB.csproj", "{94EB8412-D054-467D-AB84-C0CCADBDA016}"
EndProject
Global
	GlobalSection(TeamFoundationVersionControl) = preSolution
		SccNumberOfProjects = 1
		SccEnterpriseProvider = {4CA58AB2-18FA-4F8D-95D4-32DDF27D184C}
		SccTeamFoundationServer = http://220.20.10.76:8080/tfs/defaultcollection
		SccProjectUniqueName0 = MBOSS.WEB.csproj
		SccProjectName0 = .
		SccAuxPath0 = http://220.20.10.76:8080/tfs/defaultcollection
		SccLocalPath0 = .
		SccProvider0 = {4CA58AB2-18FA-4F8D-95D4-32DDF27D184C}
	EndGlobalSection
	GlobalSection(SolutionConfigurationPlatforms) = preSolution
		Debug|Any CPU = Debug|Any CPU
		Release|Any CPU = Release|Any CPU
	EndGlobalSection
	GlobalSection(ProjectConfigurationPlatforms) = postSolution
		{94EB8412-D054-467D-AB84-C0CCADBDA016}.Debug|Any CPU.ActiveCfg = Debug|Any CPU
		{94EB8412-D054-467D-AB84-C0CCADBDA016}.Debug|Any CPU.Build.0 = Debug|Any CPU
		{94EB8412-D054-467D-AB84-C0CCADBDA016}.Release|Any CPU.ActiveCfg = Release|Any CPU
		{94EB8412-D054-467D-AB84-C0CCADBDA016}.Release|Any CPU.Build.0 = Release|Any CPU
	EndGlobalSection
	GlobalSection(SolutionProperties) = preSolution
		HideSolutionNode = FALSE
	EndGlobalSection
EndGlobal
